
Microsoft Visual Studio Solution File, Format Version 12.00
# Visual Studio 15
VisualStudioVersion = 15.0.27130.2010
MinimumVisualStudioVersion = 10.0.40219.1
Project("{FAE04EC0-301F-11D3-BF4B-00C04F79EFBC}") = "CQRSSampleApp", "CQRSSampleApp\CQRSSampleApp.csproj", "{A274760E-E52E-4254-B262-B00D92AA7F7D}"
EndProject
Global
	GlobalSection(SolutionConfigurationPlatforms) = preSolution
		Debug|Any CPU = Debug|Any CPU
		Release|Any CPU = Release|Any CPU
	EndGlobalSection
	GlobalSection(ProjectConfigurationPlatforms) = postSolution
		{A274760E-E52E-4254-B262-B00D92AA7F7D}.Debug|Any CPU.ActiveCfg = Debug|Any CPU
		{A274760E-E52E-4254-B262-B00D92AA7F7D}.Debug|Any CPU.Build.0 = Debug|Any CPU
		{A274760E-E52E-4254-B262-B00D92AA7F7D}.Release|Any CPU.ActiveCfg = Release|Any CPU
		{A274760E-E52E-4254-B262-B00D92AA7F7D}.Release|Any CPU.Build.0 = Release|Any CPU
	EndGlobalSection
	GlobalSection(SolutionProperties) = preSolution
		HideSolutionNode = FALSE
	EndGlobalSection
	GlobalSection(ExtensibilityGlobals) = postSolution
		SolutionGuid = {60BD7D16-370A-41F3-8FEF-7D6D5A125E45}
	EndGlobalSection
EndGlobal
